
Microsoft Visual Studio Solution File, Format Version 12.00
# Visual Studio Version 17
VisualStudioVersion = 17.0.32112.339
MinimumVisualStudioVersion = 10.0.40219.1
Project("{FAE04EC0-301F-11D3-BF4B-00C04F79EFBC}") = "Explanation2", "Explanation2.csproj", "{C73435FC-038D-42D3-B21B-512D126E84BB}"
EndProject
Global
	GlobalSection(SolutionConfigurationPlatforms) = preSolution
		Debug|Any CPU = Debug|Any CPU
		Release|Any CPU = Release|Any CPU
	EndGlobalSection
	GlobalSection(ProjectConfigurationPlatforms) = postSolution
		{C73435FC-038D-42D3-B21B-512D126E84BB}.Debug|Any CPU.ActiveCfg = Debug|Any CPU
		{C73435FC-038D-42D3-B21B-512D126E84BB}.Debug|Any CPU.Build.0 = Debug|Any CPU
		{C73435FC-038D-42D3-B21B-512D126E84BB}.Release|Any CPU.ActiveCfg = Release|Any CPU
		{C73435FC-038D-42D3-B21B-512D126E84BB}.Release|Any CPU.Build.0 = Release|Any CPU
	EndGlobalSection
	GlobalSection(SolutionProperties) = preSolution
		HideSolutionNode = FALSE
	EndGlobalSection
	GlobalSection(ExtensibilityGlobals) = postSolution
		SolutionGuid = {335DAA78-C9CF-48BF-B44F-AF81220C4C39}
	EndGlobalSection
EndGlobal
